
Microsoft Visual Studio Solution File, Format Version 12.00
# Visual Studio 15
Project("{FAE04EC0-301F-11D3-BF4B-00C04F79EFBC}") = "Basics2", "Basics2\Basics2.csproj", "{C62FA680-02F4-47D6-B0A2-B9FB4CC674DB}"
EndProject
Global
	GlobalSection(SolutionConfigurationPlatforms) = preSolution
		Debug|Any CPU = Debug|Any CPU
		Release|Any CPU = Release|Any CPU
	EndGlobalSection
	GlobalSection(ProjectConfigurationPlatforms) = postSolution
		{C62FA680-02F4-47D6-B0A2-B9FB4CC674DB}.Debug|Any CPU.ActiveCfg = Debug|Any CPU
		{C62FA680-02F4-47D6-B0A2-B9FB4CC674DB}.Debug|Any CPU.Build.0 = Debug|Any CPU
		{C62FA680-02F4-47D6-B0A2-B9FB4CC674DB}.Release|Any CPU.ActiveCfg = Release|Any CPU
		{C62FA680-02F4-47D6-B0A2-B9FB4CC674DB}.Release|Any CPU.Build.0 = Release|Any CPU
	EndGlobalSection
EndGlobal
