
Microsoft Visual Studio Solution File, Format Version 12.00
# Visual Studio 15
Project("{FAE04EC0-301F-11D3-BF4B-00C04F79EFBC}") = "HelloWorld", "HelloWorld\HelloWorld.csproj", "{DAE07E09-3682-4486-B2DA-3F1BB91865B1}"
EndProject
Global
	GlobalSection(SolutionConfigurationPlatforms) = preSolution
		Debug|anycpu = Debug|anycpu
		Release|anycpu = Release|anycpu
	EndGlobalSection
	GlobalSection(ProjectConfigurationPlatforms) = postSolution
		{DAE07E09-3682-4486-B2DA-3F1BB91865B1}.Debug|anycpu.ActiveCfg = Debug|anycpu
		{DAE07E09-3682-4486-B2DA-3F1BB91865B1}.Debug|anycpu.Build.0 = Debug|anycpu
		{DAE07E09-3682-4486-B2DA-3F1BB91865B1}.Release|anycpu.ActiveCfg = Release|anycpu
		{DAE07E09-3682-4486-B2DA-3F1BB91865B1}.Release|anycpu.Build.0 = Release|anycpu
	EndGlobalSection
EndGlobal
